
Microsoft Visual Studio Solution File, Format Version 12.00
# Visual Studio 15
VisualStudioVersion = 15.0.28010.2048
MinimumVisualStudioVersion = 10.0.40219.1
Project("{FAE04EC0-301F-11D3-BF4B-00C04F79EFBC}") = "Amtskalender", "Amtskalender\Amtskalender.csproj", "{3DC5DFD2-A976-436E-A0D4-66FCEC2F4F2F}"
EndProject
Global
	GlobalSection(SolutionConfigurationPlatforms) = preSolution
		Debug|Any CPU = Debug|Any CPU
		Release|Any CPU = Release|Any CPU
	EndGlobalSection
	GlobalSection(ProjectConfigurationPlatforms) = postSolution
		{3DC5DFD2-A976-436E-A0D4-66FCEC2F4F2F}.Debug|Any CPU.ActiveCfg = Debug|Any CPU
		{3DC5DFD2-A976-436E-A0D4-66FCEC2F4F2F}.Debug|Any CPU.Build.0 = Debug|Any CPU
		{3DC5DFD2-A976-436E-A0D4-66FCEC2F4F2F}.Release|Any CPU.ActiveCfg = Release|Any CPU
		{3DC5DFD2-A976-436E-A0D4-66FCEC2F4F2F}.Release|Any CPU.Build.0 = Release|Any CPU
	EndGlobalSection
	GlobalSection(SolutionProperties) = preSolution
		HideSolutionNode = FALSE
	EndGlobalSection
	GlobalSection(ExtensibilityGlobals) = postSolution
		SolutionGuid = {605373FA-5A23-498F-8358-11ADC899E676}
	EndGlobalSection
EndGlobal
